
Microsoft Visual Studio Solution File, Format Version 12.00
# Visual Studio Version 16
VisualStudioVersion = 16.0.28803.352
MinimumVisualStudioVersion = 10.0.40219.1
Project("{FAE04EC0-301F-11D3-BF4B-00C04F79EFBC}") = "GitTestingWorkshop", "GitTestingWorkshop\GitTestingWorkshop.csproj", "{44AF9E00-1C95-499D-8ED1-64D811CEF5DE}"
EndProject
Project("{FAE04EC0-301F-11D3-BF4B-00C04F79EFBC}") = "GitTestingWorkshop.Tests.Unit", "GitTestingWorkshop.Tests.Unit\GitTestingWorkshop.Tests.Unit.csproj", "{1B91E427-6083-4006-8822-2245D94AD72C}"
EndProject
Global
	GlobalSection(SolutionConfigurationPlatforms) = preSolution
		Debug|Any CPU = Debug|Any CPU
		Release|Any CPU = Release|Any CPU
	EndGlobalSection
	GlobalSection(ProjectConfigurationPlatforms) = postSolution
		{44AF9E00-1C95-499D-8ED1-64D811CEF5DE}.Debug|Any CPU.ActiveCfg = Debug|Any CPU
		{44AF9E00-1C95-499D-8ED1-64D811CEF5DE}.Debug|Any CPU.Build.0 = Debug|Any CPU
		{44AF9E00-1C95-499D-8ED1-64D811CEF5DE}.Release|Any CPU.ActiveCfg = Release|Any CPU
		{44AF9E00-1C95-499D-8ED1-64D811CEF5DE}.Release|Any CPU.Build.0 = Release|Any CPU
		{1B91E427-6083-4006-8822-2245D94AD72C}.Debug|Any CPU.ActiveCfg = Debug|Any CPU
		{1B91E427-6083-4006-8822-2245D94AD72C}.Debug|Any CPU.Build.0 = Debug|Any CPU
		{1B91E427-6083-4006-8822-2245D94AD72C}.Release|Any CPU.ActiveCfg = Release|Any CPU
		{1B91E427-6083-4006-8822-2245D94AD72C}.Release|Any CPU.Build.0 = Release|Any CPU
	EndGlobalSection
	GlobalSection(SolutionProperties) = preSolution
		HideSolutionNode = FALSE
	EndGlobalSection
	GlobalSection(ExtensibilityGlobals) = postSolution
		SolutionGuid = {EC992154-ADD1-408C-B246-51F551244C1A}
	EndGlobalSection
EndGlobal
